
Microsoft Visual Studio Solution File, Format Version 12.00
# Visual Studio Version 17
VisualStudioVersion = 17.14.36310.24
MinimumVisualStudioVersion = 10.0.40219.1
Project("{FAE04EC0-301F-11D3-BF4B-00C04F79EFBC}") = "PFM.Backend", "PFM.Backend\PFM.Backend.csproj", "{3FDA1B1C-27C5-4291-AF85-C1B629043278}"
EndProject
Global
	GlobalSection(SolutionConfigurationPlatforms) = preSolution
		Debug|Any CPU = Debug|Any CPU
		Release|Any CPU = Release|Any CPU
	EndGlobalSection
	GlobalSection(ProjectConfigurationPlatforms) = postSolution
		{3FDA1B1C-27C5-4291-AF85-C1B629043278}.Debug|Any CPU.ActiveCfg = Debug|Any CPU
		{3FDA1B1C-27C5-4291-AF85-C1B629043278}.Debug|Any CPU.Build.0 = Debug|Any CPU
		{3FDA1B1C-27C5-4291-AF85-C1B629043278}.Release|Any CPU.ActiveCfg = Release|Any CPU
		{3FDA1B1C-27C5-4291-AF85-C1B629043278}.Release|Any CPU.Build.0 = Release|Any CPU
	EndGlobalSection
	GlobalSection(SolutionProperties) = preSolution
		HideSolutionNode = FALSE
	EndGlobalSection
	GlobalSection(ExtensibilityGlobals) = postSolution
		SolutionGuid = {BE39C106-280B-47D0-8457-6F948B0CDF72}
	EndGlobalSection
EndGlobal
