
Microsoft Visual Studio Solution File, Format Version 12.00
# Visual Studio Version 17
VisualStudioVersion = 17.14.36310.24 d17.14
MinimumVisualStudioVersion = 10.0.40219.1
Project("{FAE04EC0-301F-11D3-BF4B-00C04F79EFBC}") = "PFM.Backend", "PFM.Backend.csproj", "{EAF969D4-0CBA-62FE-B7C1-3A27076F60D0}"
EndProject
Global
	GlobalSection(SolutionConfigurationPlatforms) = preSolution
		Debug|Any CPU = Debug|Any CPU
		Release|Any CPU = Release|Any CPU
	EndGlobalSection
	GlobalSection(ProjectConfigurationPlatforms) = postSolution
		{EAF969D4-0CBA-62FE-B7C1-3A27076F60D0}.Debug|Any CPU.ActiveCfg = Debug|Any CPU
		{EAF969D4-0CBA-62FE-B7C1-3A27076F60D0}.Debug|Any CPU.Build.0 = Debug|Any CPU
		{EAF969D4-0CBA-62FE-B7C1-3A27076F60D0}.Release|Any CPU.ActiveCfg = Release|Any CPU
		{EAF969D4-0CBA-62FE-B7C1-3A27076F60D0}.Release|Any CPU.Build.0 = Release|Any CPU
	EndGlobalSection
	GlobalSection(SolutionProperties) = preSolution
		HideSolutionNode = FALSE
	EndGlobalSection
	GlobalSection(ExtensibilityGlobals) = postSolution
		SolutionGuid = {A58A46DF-38E3-4E08-A9C5-BCABDA1110D8}
	EndGlobalSection
EndGlobal
